
Microsoft Visual Studio Solution File, Format Version 12.00
# Visual Studio Version 16
VisualStudioVersion = 16.0.28803.916
MinimumVisualStudioVersion = 10.0.40219.1
Project("{FAE04EC0-301F-11D3-BF4B-00C04F79EFBC}") = "AulaGitHub", "AulaGitHub\AulaGitHub.csproj", "{52B633F4-8668-46A1-BFDD-ABA7038DADDF}"
EndProject
Global
	GlobalSection(SolutionConfigurationPlatforms) = preSolution
		Debug|Any CPU = Debug|Any CPU
		Release|Any CPU = Release|Any CPU
	EndGlobalSection
	GlobalSection(ProjectConfigurationPlatforms) = postSolution
		{52B633F4-8668-46A1-BFDD-ABA7038DADDF}.Debug|Any CPU.ActiveCfg = Debug|Any CPU
		{52B633F4-8668-46A1-BFDD-ABA7038DADDF}.Debug|Any CPU.Build.0 = Debug|Any CPU
		{52B633F4-8668-46A1-BFDD-ABA7038DADDF}.Release|Any CPU.ActiveCfg = Release|Any CPU
		{52B633F4-8668-46A1-BFDD-ABA7038DADDF}.Release|Any CPU.Build.0 = Release|Any CPU
	EndGlobalSection
	GlobalSection(SolutionProperties) = preSolution
		HideSolutionNode = FALSE
	EndGlobalSection
	GlobalSection(ExtensibilityGlobals) = postSolution
		SolutionGuid = {2E2BEA98-2686-4204-B449-C0CE66FDA1DD}
	EndGlobalSection
EndGlobal
